{
  "name": "unit-1",
  "version": "1.0.0",
  "lockfileVersion": 2,
  "requires": true,
  "packages": {
    "": {
      "name": "unit-1",
      "version": "1.0.0",
      "license": "ISC",
      "dependencies": {
        "expression": "^0.0.1",
        "uuidv4": "^6.2.13"
      }
    },
    "node_modules/@types/uuid": {
      "version": "8.3.4",
      "resolved": "https://registry.npmjs.org/@types/uuid/-/uuid-8.3.4.tgz",
      "integrity": "sha512-c/I8ZRb51j+pYGAu5CrFMRxqZ2ke4y2grEBO5AUjgSkSk+qT2Ea+OdWElz/OiMf5MNpn2b17kuVBwZLQJXzihw=="
    },
    "node_modules/expression": {
      "version": "0.0.1",
      "resolved": "https://registry.npmjs.org/expression/-/expression-0.0.1.tgz",
      "integrity": "sha512-yOZW47NCRkh8akZWiJpOxdqDjfxWQOOhSSy5r+Ml+ekkl7h8qejMjEpIwHknd23R+GdS0Tkusm4P4EFrxQo4XA==",
      "dependencies": {
        "reparse": "~0.1.2"
      },
      "engines": {
        "node": ">=0.4.2"
      }
    },
    "node_modules/reparse": {
      "version": "0.1.2",
      "resolved": "https://registry.npmjs.org/reparse/-/reparse-0.1.2.tgz",
      "integrity": "sha512-WYVvlxnR1Nsy8TzDuslvopB6AJicP0cilq2PD8ap5cqre45n8eeR+WkzVVMCehqH/l+yuGKDEPN0KfBHVBMR2w==",
      "engines": {
        "node": ">= 0.1.103"
      }
    },
    "node_modules/uuidv4": {
      "version": "6.2.13",
      "resolved": "https://registry.npmjs.org/uuidv4/-/uuidv4-6.2.13.tgz",
      "integrity": "sha512-AXyzMjazYB3ovL3q051VLH06Ixj//Knx7QnUSi1T//Ie3io6CpsPu9nVMOx5MoLWh6xV0B9J0hIaxungxXUbPQ==",
      "dependencies": {
        "@types/uuid": "8.3.4",
        "uuid": "8.3.2"
      }
    },
    "node_modules/uuidv4/node_modules/uuid": {
      "version": "8.3.2",
      "resolved": "https://registry.npmjs.org/uuid/-/uuid-8.3.2.tgz",
      "integrity": "sha512-+NYs2QeMWy+GWFOEm9xnn6HCDp0l7QBD7ml8zLUmJ+93Q5NF0NocErnwkTkXVFNiX3/fpC6afS8Dhb/gz7R7eg==",
      "bin": {
        "uuid": "dist/bin/uuid"
      }
    }
  },
  "dependencies": {
    "@types/uuid": {
      "version": "8.3.4",
      "resolved": "https://registry.npmjs.org/@types/uuid/-/uuid-8.3.4.tgz",
      "integrity": "sha512-c/I8ZRb51j+pYGAu5CrFMRxqZ2ke4y2grEBO5AUjgSkSk+qT2Ea+OdWElz/OiMf5MNpn2b17kuVBwZLQJXzihw=="
    },
    "expression": {
      "version": "0.0.1",
      "resolved": "https://registry.npmjs.org/expression/-/expression-0.0.1.tgz",
      "integrity": "sha512-yOZW47NCRkh8akZWiJpOxdqDjfxWQOOhSSy5r+Ml+ekkl7h8qejMjEpIwHknd23R+GdS0Tkusm4P4EFrxQo4XA==",
      "requires": {
        "reparse": "~0.1.2"
      }
    },
    "reparse": {
      "version": "0.1.2",
      "resolved": "https://registry.npmjs.org/reparse/-/reparse-0.1.2.tgz",
      "integrity": "sha512-WYVvlxnR1Nsy8TzDuslvopB6AJicP0cilq2PD8ap5cqre45n8eeR+WkzVVMCehqH/l+yuGKDEPN0KfBHVBMR2w=="
    },
    "uuidv4": {
      "version": "6.2.13",
      "resolved": "https://registry.npmjs.org/uuidv4/-/uuidv4-6.2.13.tgz",
      "integrity": "sha512-AXyzMjazYB3ovL3q051VLH06Ixj//Knx7QnUSi1T//Ie3io6CpsPu9nVMOx5MoLWh6xV0B9J0hIaxungxXUbPQ==",
      "requires": {
        "@types/uuid": "8.3.4",
        "uuid": "8.3.2"
      },
      "dependencies": {
        "uuid": {
          "version": "8.3.2",
          "resolved": "https://registry.npmjs.org/uuid/-/uuid-8.3.2.tgz",
          "integrity": "sha512-+NYs2QeMWy+GWFOEm9xnn6HCDp0l7QBD7ml8zLUmJ+93Q5NF0NocErnwkTkXVFNiX3/fpC6afS8Dhb/gz7R7eg=="
        }
      }
    }
  }
}
